<?xml version="1.0" encoding="utf-8"?>
<Project ToolsVersion="4.0" xmlns="http://schemas.microsoft.com/developer/msbuild/2003">
  <ItemGroup>
    <Filter Include="Source Files">
      <UniqueIdentifier>{f624b4f7-0445-486c-bea8-68fef970ec96}</UniqueIdentifier>
      <Extensions>cpp;c;cxx;rc;def;r;odl;idl;hpj;bat</Extensions>
    </Filter>
    <Filter Include="Header Files">
      <UniqueIdentifier>{83c40705-d7f6-48d4-9f46-a586e8c0d822}</UniqueIdentifier>
      <Extensions>h;hpp;hxx;hm;inl</Extensions>
    </Filter>
    <Filter Include="Resource Files">
      <UniqueIdentifier>{26b22302-f875-418a-9e15-e22b8ed5b7d6}</UniqueIdentifier>
      <Extensions>ico;cur;bmp;dlg;rc2;rct;bin;rgs;gif;jpg;jpeg;jpe</Extensions>
    </Filter>
    <Filter Include="Header Files\RapidXml">
      <UniqueIdentifier>{6ab58530-d837-4dbc-912d-84b73f059261}</UniqueIdentifier>
    </Filter>
  </ItemGroup>
  <ItemGroup>
    <ClCompile Include="Main.cpp">
      <Filter>Source Files</Filter>
    </ClCompile>
    <ClCompile Include="Plugin.cpp">
      <Filter>Source Files</Filter>
    </ClCompile>
    <ClCompile Include="Utility.cpp">
      <Filter>Source Files</Filter>
    </ClCompile>
    <ClCompile Include="MessageDef.cpp">
      <Filter>Source Files</Filter>
    </ClCompile>
    <ClCompile Include="ml_window.cpp">
      <Filter>Source Files</Filter>
    </ClCompile>
    <ClCompile Include="ml_folder.cpp">
      <Filter>Source Files</Filter>
    </ClCompile>
    <ClCompile Include="ml_item_id_list.cpp">
      <Filter>Source Files</Filter>
    </ClCompile>
    <ClCompile Include="ml_xml.cpp">
      <Filter>Source Files</Filter>
    </ClCompile>
  </ItemGroup>
  <ItemGroup>
    <ClInclude Include="Plugin.hpp">
      <Filter>Header Files</Filter>
    </ClInclude>
    <ClInclude Include="Utility.hpp">
      <Filter>Header Files</Filter>
    </ClInclude>
    <ClInclude Include="MessageDef.hpp">
      <Filter>Header Files</Filter>
    </ClInclude>
    <ClInclude Include="resource.h">
      <Filter>Resource Files</Filter>
    </ClInclude>
    <ClInclude Include="ml_window.hpp">
      <Filter>Header Files</Filter>
    </ClInclude>
    <ClInclude Include="ml_defs.hpp">
      <Filter>Header Files</Filter>
    </ClInclude>
    <ClInclude Include="ml_folder.hpp">
      <Filter>Header Files</Filter>
    </ClInclude>
    <ClInclude Include="ml_item_id_list.hpp">
      <Filter>Header Files</Filter>
    </ClInclude>
    <ClInclude Include="ml_xml.hpp">
      <Filter>Header Files</Filter>
    </ClInclude>
    <ClInclude Include="rapidxml.hpp">
      <Filter>Header Files\RapidXml</Filter>
    </ClInclude>
  </ItemGroup>
  <ItemGroup>
    <None Include="TTBasePlugin.def">
      <Filter>Resource Files</Filter>
    </None>
  </ItemGroup>
  <ItemGroup>
    <ResourceCompile Include="MenuLaunch.rc">
      <Filter>Resource Files</Filter>
    </ResourceCompile>
  </ItemGroup>
</Project>